
Microsoft Visual Studio Solution File, Format Version 12.00
# Visual Studio Version 17
VisualStudioVersion = 17.7.34221.43
MinimumVisualStudioVersion = 10.0.40219.1
Project("{888888A0-9F3D-457C-B088-3A5042F75D52}") = "encryption", "encryption\encryption.pyproj", "{54DAC474-38F8-4B17-B8CE-35BFD4E060B3}"
EndProject
Global
	GlobalSection(SolutionConfigurationPlatforms) = preSolution
		Debug|Any CPU = Debug|Any CPU
		Release|Any CPU = Release|Any CPU
	EndGlobalSection
	GlobalSection(ProjectConfigurationPlatforms) = postSolution
		{54DAC474-38F8-4B17-B8CE-35BFD4E060B3}.Debug|Any CPU.ActiveCfg = Debug|Any CPU
		{54DAC474-38F8-4B17-B8CE-35BFD4E060B3}.Release|Any CPU.ActiveCfg = Release|Any CPU
	EndGlobalSection
	GlobalSection(SolutionProperties) = preSolution
		HideSolutionNode = FALSE
	EndGlobalSection
	GlobalSection(ExtensibilityGlobals) = postSolution
		SolutionGuid = {6E65B850-A741-47ED-AAA6-A5DAC68D0513}
	EndGlobalSection
EndGlobal
