
Microsoft Visual Studio Solution File, Format Version 12.00
# Visual Studio Version 17
VisualStudioVersion = 17.7.34221.43
MinimumVisualStudioVersion = 10.0.40219.1
Project("{888888A0-9F3D-457C-B088-3A5042F75D52}") = "random password", "random password\random password.pyproj", "{13857676-F15B-48E8-99B5-B2C911B7F9A4}"
EndProject
Global
	GlobalSection(SolutionConfigurationPlatforms) = preSolution
		Debug|Any CPU = Debug|Any CPU
		Release|Any CPU = Release|Any CPU
	EndGlobalSection
	GlobalSection(ProjectConfigurationPlatforms) = postSolution
		{13857676-F15B-48E8-99B5-B2C911B7F9A4}.Debug|Any CPU.ActiveCfg = Debug|Any CPU
		{13857676-F15B-48E8-99B5-B2C911B7F9A4}.Release|Any CPU.ActiveCfg = Release|Any CPU
	EndGlobalSection
	GlobalSection(SolutionProperties) = preSolution
		HideSolutionNode = FALSE
	EndGlobalSection
	GlobalSection(ExtensibilityGlobals) = postSolution
		SolutionGuid = {F97C5990-B6B6-48F2-BAE3-CBB3E97AAA3A}
	EndGlobalSection
EndGlobal
