
Microsoft Visual Studio Solution File, Format Version 12.00
# Visual Studio Version 17
VisualStudioVersion = 17.7.34221.43
MinimumVisualStudioVersion = 10.0.40219.1
Project("{888888A0-9F3D-457C-B088-3A5042F75D52}") = "island(if)", "island(if)\island(if).pyproj", "{FA0137FD-2080-48C0-8D74-64D826700376}"
EndProject
Global
	GlobalSection(SolutionConfigurationPlatforms) = preSolution
		Debug|Any CPU = Debug|Any CPU
		Release|Any CPU = Release|Any CPU
	EndGlobalSection
	GlobalSection(ProjectConfigurationPlatforms) = postSolution
		{FA0137FD-2080-48C0-8D74-64D826700376}.Debug|Any CPU.ActiveCfg = Debug|Any CPU
		{FA0137FD-2080-48C0-8D74-64D826700376}.Release|Any CPU.ActiveCfg = Release|Any CPU
	EndGlobalSection
	GlobalSection(SolutionProperties) = preSolution
		HideSolutionNode = FALSE
	EndGlobalSection
	GlobalSection(ExtensibilityGlobals) = postSolution
		SolutionGuid = {E5D26D7B-9B06-4B1C-9E9A-29D590EDA9C5}
	EndGlobalSection
EndGlobal
